Microsoft Visual Studio Solution File, Format Version 9.00
# SharpDevelop 2.0.0.1111
Project("{FAE04EC0-301F-11D3-BF4B-00C04F79EFBC}") = "Aqua Controls", "Aqua Controls.csproj", "{3F8F6730-4A70-4A8F-95C4-CBADBFCBF5E1}"
EndProject
Global
	GlobalSection(SolutionConfigurationPlatforms) = preSolution
		Debug|Any CPU = Debug|Any CPU
		Release|Any CPU = Release|Any CPU
	EndGlobalSection
	GlobalSection(SolutionConfiguration) = preSolution
		ConfigName.0 = Debug
		ConfigName.1 = Release
	EndGlobalSection
	GlobalSection(ProjectDependencies) = postSolution
	EndGlobalSection
	GlobalSection(ProjectConfiguration) = postSolution
		{3F8F6730-4A70-4A8F-95C4-CBADBFCBF5E1}.Debug.ActiveCfg = Debug|.NET
		{3F8F6730-4A70-4A8F-95C4-CBADBFCBF5E1}.Debug.Build.0 = Debug|.NET
		{3F8F6730-4A70-4A8F-95C4-CBADBFCBF5E1}.Release.ActiveCfg = Release|.NET
		{3F8F6730-4A70-4A8F-95C4-CBADBFCBF5E1}.Release.Build.0 = Release|.NET
	EndGlobalSection
	GlobalSection(ExtensibilityGlobals) = postSolution
	EndGlobalSection
	GlobalSection(ExtensibilityAddIns) = postSolution
	EndGlobalSection
	GlobalSection(ProjectConfigurationPlatforms) = postSolution
		{3F8F6730-4A70-4A8F-95C4-CBADBFCBF5E1}.Debug|Any CPU.Build.0 = Debug|Any CPU
		{3F8F6730-4A70-4A8F-95C4-CBADBFCBF5E1}.Debug|Any CPU.ActiveCfg = Debug|Any CPU
		{3F8F6730-4A70-4A8F-95C4-CBADBFCBF5E1}.Release|Any CPU.Build.0 = Release|Any CPU
		{3F8F6730-4A70-4A8F-95C4-CBADBFCBF5E1}.Release|Any CPU.ActiveCfg = Release|Any CPU
	EndGlobalSection
EndGlobal
